
Microsoft Visual Studio Solution File, Format Version 12.00
# Visual Studio Version 16
VisualStudioVersion = 16.0.30011.22
MinimumVisualStudioVersion = 10.0.40219.1
Project("{FAE04EC0-301F-11D3-BF4B-00C04F79EFBC}") = "Exerc01EstSeq", "Exerc01EstSeq\Exerc01EstSeq.csproj", "{E401B1E8-6008-40B6-AC63-57B00C2D4705}"
EndProject
Global
	GlobalSection(SolutionConfigurationPlatforms) = preSolution
		Debug|Any CPU = Debug|Any CPU
		Release|Any CPU = Release|Any CPU
	EndGlobalSection
	GlobalSection(ProjectConfigurationPlatforms) = postSolution
		{E401B1E8-6008-40B6-AC63-57B00C2D4705}.Debug|Any CPU.ActiveCfg = Debug|Any CPU
		{E401B1E8-6008-40B6-AC63-57B00C2D4705}.Debug|Any CPU.Build.0 = Debug|Any CPU
		{E401B1E8-6008-40B6-AC63-57B00C2D4705}.Release|Any CPU.ActiveCfg = Release|Any CPU
		{E401B1E8-6008-40B6-AC63-57B00C2D4705}.Release|Any CPU.Build.0 = Release|Any CPU
	EndGlobalSection
	GlobalSection(SolutionProperties) = preSolution
		HideSolutionNode = FALSE
	EndGlobalSection
	GlobalSection(ExtensibilityGlobals) = postSolution
		SolutionGuid = {9E82D173-24A8-4EBF-8A8E-633DCC484796}
	EndGlobalSection
EndGlobal
