
Microsoft Visual Studio Solution File, Format Version 12.00
# Visual Studio Version 16
VisualStudioVersion = 16.0.30011.22
MinimumVisualStudioVersion = 10.0.40219.1
Project("{FAE04EC0-301F-11D3-BF4B-00C04F79EFBC}") = "ExercícioF01", "ExercícioF01\ExercícioF01.csproj", "{F6B15FFE-0837-423B-BF98-2C64C41C7412}"
EndProject
Global
	GlobalSection(SolutionConfigurationPlatforms) = preSolution
		Debug|Any CPU = Debug|Any CPU
		Release|Any CPU = Release|Any CPU
	EndGlobalSection
	GlobalSection(ProjectConfigurationPlatforms) = postSolution
		{F6B15FFE-0837-423B-BF98-2C64C41C7412}.Debug|Any CPU.ActiveCfg = Debug|Any CPU
		{F6B15FFE-0837-423B-BF98-2C64C41C7412}.Debug|Any CPU.Build.0 = Debug|Any CPU
		{F6B15FFE-0837-423B-BF98-2C64C41C7412}.Release|Any CPU.ActiveCfg = Release|Any CPU
		{F6B15FFE-0837-423B-BF98-2C64C41C7412}.Release|Any CPU.Build.0 = Release|Any CPU
	EndGlobalSection
	GlobalSection(SolutionProperties) = preSolution
		HideSolutionNode = FALSE
	EndGlobalSection
	GlobalSection(ExtensibilityGlobals) = postSolution
		SolutionGuid = {44F86EFB-6D55-486C-9AE4-673FF67A660E}
	EndGlobalSection
EndGlobal
