
Microsoft Visual Studio Solution File, Format Version 12.00
# Visual Studio Version 16
VisualStudioVersion = 16.0.30011.22
MinimumVisualStudioVersion = 10.0.40219.1
Project("{FAE04EC0-301F-11D3-BF4B-00C04F79EFBC}") = "Exerc02EstCond", "Exerc02EstCond\Exerc02EstCond.csproj", "{A551D8A7-201F-48BC-B6E4-723BF5AD0500}"
EndProject
Global
	GlobalSection(SolutionConfigurationPlatforms) = preSolution
		Debug|Any CPU = Debug|Any CPU
		Release|Any CPU = Release|Any CPU
	EndGlobalSection
	GlobalSection(ProjectConfigurationPlatforms) = postSolution
		{A551D8A7-201F-48BC-B6E4-723BF5AD0500}.Debug|Any CPU.ActiveCfg = Debug|Any CPU
		{A551D8A7-201F-48BC-B6E4-723BF5AD0500}.Debug|Any CPU.Build.0 = Debug|Any CPU
		{A551D8A7-201F-48BC-B6E4-723BF5AD0500}.Release|Any CPU.ActiveCfg = Release|Any CPU
		{A551D8A7-201F-48BC-B6E4-723BF5AD0500}.Release|Any CPU.Build.0 = Release|Any CPU
	EndGlobalSection
	GlobalSection(SolutionProperties) = preSolution
		HideSolutionNode = FALSE
	EndGlobalSection
	GlobalSection(ExtensibilityGlobals) = postSolution
		SolutionGuid = {03422FE1-7000-4872-A0AB-F8AF8EF361AB}
	EndGlobalSection
EndGlobal
