
Microsoft Visual Studio Solution File, Format Version 12.00
# Visual Studio Version 16
VisualStudioVersion = 16.0.30011.22
MinimumVisualStudioVersion = 10.0.40219.1
Project("{FAE04EC0-301F-11D3-BF4B-00C04F79EFBC}") = "Operadores02", "Operadores02\Operadores02.csproj", "{D8528615-736C-4C11-908B-CE03AB23180F}"
EndProject
Global
	GlobalSection(SolutionConfigurationPlatforms) = preSolution
		Debug|Any CPU = Debug|Any CPU
		Release|Any CPU = Release|Any CPU
	EndGlobalSection
	GlobalSection(ProjectConfigurationPlatforms) = postSolution
		{D8528615-736C-4C11-908B-CE03AB23180F}.Debug|Any CPU.ActiveCfg = Debug|Any CPU
		{D8528615-736C-4C11-908B-CE03AB23180F}.Debug|Any CPU.Build.0 = Debug|Any CPU
		{D8528615-736C-4C11-908B-CE03AB23180F}.Release|Any CPU.ActiveCfg = Release|Any CPU
		{D8528615-736C-4C11-908B-CE03AB23180F}.Release|Any CPU.Build.0 = Release|Any CPU
	EndGlobalSection
	GlobalSection(SolutionProperties) = preSolution
		HideSolutionNode = FALSE
	EndGlobalSection
	GlobalSection(ExtensibilityGlobals) = postSolution
		SolutionGuid = {392EE5D2-9ED3-4C97-AC40-128F795463FB}
	EndGlobalSection
EndGlobal
